
Microsoft Visual Studio Solution File, Format Version 12.00
# Visual Studio Version 16
VisualStudioVersion = 16.0.30309.148
MinimumVisualStudioVersion = 10.0.40219.1
Project("{FAE04EC0-301F-11D3-BF4B-00C04F79EFBC}") = "Bumbo.Web", "Bumbo.Web\Bumbo.Web.csproj", "{FEDF2FEB-EED3-40D3-BF80-9A434868C514}"
	ProjectSection(ProjectDependencies) = postProject
		{BA5EF3BB-5511-4DB2-9C5F-CAD8A20CF433} = {BA5EF3BB-5511-4DB2-9C5F-CAD8A20CF433}
	EndProjectSection
EndProject
Project("{9A19103F-16F7-4668-BE54-9A1E7A4F7556}") = "Bumbo.Data", "Bumbo.Data\Bumbo.Data.csproj", "{BA5EF3BB-5511-4DB2-9C5F-CAD8A20CF433}"
EndProject
Global
	GlobalSection(SolutionConfigurationPlatforms) = preSolution
		Debug|Any CPU = Debug|Any CPU
		Release|Any CPU = Release|Any CPU
	EndGlobalSection
	GlobalSection(ProjectConfigurationPlatforms) = postSolution
		{FEDF2FEB-EED3-40D3-BF80-9A434868C514}.Debug|Any CPU.ActiveCfg = Debug|Any CPU
		{FEDF2FEB-EED3-40D3-BF80-9A434868C514}.Debug|Any CPU.Build.0 = Debug|Any CPU
		{FEDF2FEB-EED3-40D3-BF80-9A434868C514}.Release|Any CPU.ActiveCfg = Release|Any CPU
		{FEDF2FEB-EED3-40D3-BF80-9A434868C514}.Release|Any CPU.Build.0 = Release|Any CPU
		{BA5EF3BB-5511-4DB2-9C5F-CAD8A20CF433}.Debug|Any CPU.ActiveCfg = Debug|Any CPU
		{BA5EF3BB-5511-4DB2-9C5F-CAD8A20CF433}.Debug|Any CPU.Build.0 = Debug|Any CPU
		{BA5EF3BB-5511-4DB2-9C5F-CAD8A20CF433}.Release|Any CPU.ActiveCfg = Release|Any CPU
		{BA5EF3BB-5511-4DB2-9C5F-CAD8A20CF433}.Release|Any CPU.Build.0 = Release|Any CPU
	EndGlobalSection
	GlobalSection(SolutionProperties) = preSolution
		HideSolutionNode = FALSE
	EndGlobalSection
	GlobalSection(ExtensibilityGlobals) = postSolution
		SolutionGuid = {576A368A-DBEC-4976-A615-25CC6C506D9E}
	EndGlobalSection
EndGlobal
